// !$*UTF8*$!
{
	archiveVersion = 1;
	classes = {
	};
	objectVersion = 55;
	objects = {

/* Begin PBXBuildFile section */
		7E17711D298FC21E0004CB3C /* NumberOfViews.swift in Sources */ = {isa = PBXBuildFile; fileRef = 7E17711C298FC21E0004CB3C /* NumberOfViews.swift */; };
		7E17711F299004710004CB3C /* Network.swift in Sources */ = {isa = PBXBuildFile; fileRef = 7E17711E299004710004CB3C /* Network.swift */; };
		7E573EAD298E9EC900034614 /* CellController.swift in Sources */ = {isa = PBXBuildFile; fileRef = 7E573EAC298E9EC900034614 /* CellController.swift */; };
		7E573EB4298EF36B00034614 /* WebView.swift in Sources */ = {isa = PBXBuildFile; fileRef = 7E573EB3298EF36B00034614 /* WebView.swift */; };
		7EA6212E298FBDD3006B6824 /* StructRequest.swift in Sources */ = {isa = PBXBuildFile; fileRef = 7EA6212D298FBDD3006B6824 /* StructRequest.swift */; };
		7EEE8180298D41FC00A422BA /* AppDelegate.swift in Sources */ = {isa = PBXBuildFile; fileRef = 7EEE817F298D41FC00A422BA /* AppDelegate.swift */; };
		7EEE8182298D41FC00A422BA /* SceneDelegate.swift in Sources */ = {isa = PBXBuildFile; fileRef = 7EEE8181298D41FC00A422BA /* SceneDelegate.swift */; };
		7EEE8184298D41FC00A422BA /* ViewController.swift in Sources */ = {isa = PBXBuildFile; fileRef = 7EEE8183298D41FC00A422BA /* ViewController.swift */; };
		7EEE8189298D41FD00A422BA /* Assets.xcassets in Resources */ = {isa = PBXBuildFile; fileRef = 7EEE8188298D41FD00A422BA /* Assets.xcassets */; };
		7EEE819B298D4CE300A422BA /* UIImageView Extension.swift in Sources */ = {isa = PBXBuildFile; fileRef = 7EEE819A298D4CE300A422BA /* UIImageView Extension.swift */; };
		7EEE81A0298D520400A422BA /* Content.swift in Sources */ = {isa = PBXBuildFile; fileRef = 7EEE819F298D520400A422BA /* Content.swift */; };
/* End PBXBuildFile section */

/* Begin PBXFileReference section */
		7E17711C298FC21E0004CB3C /* NumberOfViews.swift */ = {isa = PBXFileReference; lastKnownFileType = sourcecode.swift; path = NumberOfViews.swift; sourceTree = "<group>"; };
		7E17711E299004710004CB3C /* Network.swift */ = {isa = PBXFileReference; lastKnownFileType = sourcecode.swift; path = Network.swift; sourceTree = "<group>"; };
		7E573EAC298E9EC900034614 /* CellController.swift */ = {isa = PBXFileReference; lastKnownFileType = sourcecode.swift; path = CellController.swift; sourceTree = "<group>"; };
		7E573EB3298EF36B00034614 /* WebView.swift */ = {isa = PBXFileReference; lastKnownFileType = sourcecode.swift; path = WebView.swift; sourceTree = "<group>"; };
		7EA6212D298FBDD3006B6824 /* StructRequest.swift */ = {isa = PBXFileReference; lastKnownFileType = sourcecode.swift; path = StructRequest.swift; sourceTree = "<group>"; };
		7EEE817C298D41FC00A422BA /* NewsList.app */ = {isa = PBXFileReference; explicitFileType = wrapper.application; includeInIndex = 0; path = NewsList.app; sourceTree = BUILT_PRODUCTS_DIR; };
		7EEE817F298D41FC00A422BA /* AppDelegate.swift */ = {isa = PBXFileReference; lastKnownFileType = sourcecode.swift; path = AppDelegate.swift; sourceTree = "<group>"; };
		7EEE8181298D41FC00A422BA /* SceneDelegate.swift */ = {isa = PBXFileReference; lastKnownFileType = sourcecode.swift; path = SceneDelegate.swift; sourceTree = "<group>"; };
		7EEE8183298D41FC00A422BA /* ViewController.swift */ = {isa = PBXFileReference; lastKnownFileType = sourcecode.swift; path = ViewController.swift; sourceTree = "<group>"; };
		7EEE8188298D41FD00A422BA /* Assets.xcassets */ = {isa = PBXFileReference; lastKnownFileType = folder.assetcatalog; path = Assets.xcassets; sourceTree = "<group>"; };
		7EEE818D298D41FD00A422BA /* Info.plist */ = {isa = PBXFileReference; lastKnownFileType = text.plist.xml; path = Info.plist; sourceTree = "<group>"; };
		7EEE819A298D4CE300A422BA /* UIImageView Extension.swift */ = {isa = PBXFileReference; lastKnownFileType = sourcecode.swift; path = "UIImageView Extension.swift"; sourceTree = "<group>"; };
		7EEE819F298D520400A422BA /* Content.swift */ = {isa = PBXFileReference; lastKnownFileType = sourcecode.swift; path = Content.swift; sourceTree = "<group>"; };
/* End PBXFileReference section */

/* Begin PBXFrameworksBuildPhase section */
		7EEE8179298D41FC00A422BA /* Frameworks */ = {
			isa = PBXFrameworksBuildPhase;
			buildActionMask = 2147483647;
			files = (
			);
			runOnlyForDeploymentPostprocessing = 0;
		};
/* End PBXFrameworksBuildPhase section */

/* Begin PBXGroup section */
		7E17712329902F970004CB3C /* Controllers */ = {
			isa = PBXGroup;
			children = (
				7E573EAC298E9EC900034614 /* CellController.swift */,
				7E573EB3298EF36B00034614 /* WebView.swift */,
				7EEE8183298D41FC00A422BA /* ViewController.swift */,
			);
			path = Controllers;
			sourceTree = "<group>";
		};
		7E17712429902FD30004CB3C /* Model */ = {
			isa = PBXGroup;
			children = (
				7E17711E299004710004CB3C /* Network.swift */,
				7E17711C298FC21E0004CB3C /* NumberOfViews.swift */,
				7EEE819E298D51F000A422BA /* Request */,
			);
			path = Model;
			sourceTree = "<group>";
		};
		7E17712529902FF50004CB3C /* Extensions */ = {
			isa = PBXGroup;
			children = (
				7EEE819A298D4CE300A422BA /* UIImageView Extension.swift */,
			);
			name = Extensions;
			sourceTree = "<group>";
		};
		7EEE8173298D41FC00A422BA = {
			isa = PBXGroup;
			children = (
				7EEE817E298D41FC00A422BA /* NewsList */,
				7EEE817D298D41FC00A422BA /* Products */,
			);
			sourceTree = "<group>";
		};
		7EEE817D298D41FC00A422BA /* Products */ = {
			isa = PBXGroup;
			children = (
				7EEE817C298D41FC00A422BA /* NewsList.app */,
			);
			name = Products;
			sourceTree = "<group>";
		};
		7EEE817E298D41FC00A422BA /* NewsList */ = {
			isa = PBXGroup;
			children = (
				7E17712529902FF50004CB3C /* Extensions */,
				7E17712429902FD30004CB3C /* Model */,
				7E17712329902F970004CB3C /* Controllers */,
				7EEE817F298D41FC00A422BA /* AppDelegate.swift */,
				7EEE8181298D41FC00A422BA /* SceneDelegate.swift */,
				7EEE8188298D41FD00A422BA /* Assets.xcassets */,
				7EEE818D298D41FD00A422BA /* Info.plist */,
			);
			path = NewsList;
			sourceTree = "<group>";
		};
		7EEE819E298D51F000A422BA /* Request */ = {
			isa = PBXGroup;
			children = (
				7EEE819F298D520400A422BA /* Content.swift */,
				7EA6212D298FBDD3006B6824 /* StructRequest.swift */,
			);
			name = Request;
			path = ..;
			sourceTree = "<group>";
		};
/* End PBXGroup section */

/* Begin PBXNativeTarget section */
		7EEE817B298D41FC00A422BA /* NewsList */ = {
			isa = PBXNativeTarget;
			buildConfigurationList = 7EEE8190298D41FD00A422BA /* Build configuration list for PBXNativeTarget "NewsList" */;
			buildPhases = (
				7EEE8178298D41FC00A422BA /* Sources */,
				7EEE8179298D41FC00A422BA /* Frameworks */,
				7EEE817A298D41FC00A422BA /* Resources */,
			);
			buildRules = (
			);
			dependencies = (
			);
			name = NewsList;
			productName = NewsList;
			productReference = 7EEE817C298D41FC00A422BA /* NewsList.app */;
			productType = "com.apple.product-type.application";
		};
/* End PBXNativeTarget section */

/* Begin PBXProject section */
		7EEE8174298D41FC00A422BA /* Project object */ = {
			isa = PBXProject;
			attributes = {
				BuildIndependentTargetsInParallel = 1;
				LastSwiftUpdateCheck = 1340;
				LastUpgradeCheck = 1340;
				TargetAttributes = {
					7EEE817B298D41FC00A422BA = {
						CreatedOnToolsVersion = 13.4;
					};
				};
			};
			buildConfigurationList = 7EEE8177298D41FC00A422BA /* Build configuration list for PBXProject "NewsList" */;
			compatibilityVersion = "Xcode 13.0";
			developmentRegion = en;
			hasScannedForEncodings = 0;
			knownRegions = (
				en,
				Base,
			);
			mainGroup = 7EEE8173298D41FC00A422BA;
			productRefGroup = 7EEE817D298D41FC00A422BA /* Products */;
			projectDirPath = "";
			projectRoot = "";
			targets = (
				7EEE817B298D41FC00A422BA /* NewsList */,
			);
		};
/* End PBXProject section */

/* Begin PBXResourcesBuildPhase section */
		7EEE817A298D41FC00A422BA /* Resources */ = {
			isa = PBXResourcesBuildPhase;
			buildActionMask = 2147483647;
			files = (
				7EEE8189298D41FD00A422BA /* Assets.xcassets in Resources */,
			);
			runOnlyForDeploymentPostprocessing = 0;
		};
/* End PBXResourcesBuildPhase section */

/* Begin PBXSourcesBuildPhase section */
		7EEE8178298D41FC00A422BA /* Sources */ = {
			isa = PBXSourcesBuildPhase;
			buildActionMask = 2147483647;
			files = (
				7E573EB4298EF36B00034614 /* WebView.swift in Sources */,
				7E17711F299004710004CB3C /* Network.swift in Sources */,
				7EEE8184298D41FC00A422BA /* ViewController.swift in Sources */,
				7EEE81A0298D520400A422BA /* Content.swift in Sources */,
				7E573EAD298E9EC900034614 /* CellController.swift in Sources */,
				7E17711D298FC21E0004CB3C /* NumberOfViews.swift in Sources */,
				7EA6212E298FBDD3006B6824 /* StructRequest.swift in Sources */,
				7EEE819B298D4CE300A422BA /* UIImageView Extension.swift in Sources */,
				7EEE8180298D41FC00A422BA /* AppDelegate.swift in Sources */,
				7EEE8182298D41FC00A422BA /* SceneDelegate.swift in Sources */,
			);
			runOnlyForDeploymentPostprocessing = 0;
		};
/* End PBXSourcesBuildPhase section */

/* Begin XCBuildConfiguration section */
		7EEE818E298D41FD00A422BA /* Debug */ = {
			isa = XCBuildConfiguration;
			buildSettings = {
				ALWAYS_SEARCH_USER_PATHS = NO;
				CLANG_ANALYZER_NONNULL = YES;
				CLANG_ANALYZER_NUMBER_OBJECT_CONVERSION = YES_AGGRESSIVE;
				CLANG_CXX_LANGUAGE_STANDARD = "gnu++17";
				CLANG_ENABLE_MODULES = YES;
				CLANG_ENABLE_OBJC_ARC = YES;
				CLANG_ENABLE_OBJC_WEAK = YES;
				CLANG_WARN_BLOCK_CAPTURE_AUTORELEASING = YES;
				CLANG_WARN_BOOL_CONVERSION = YES;
				CLANG_WARN_COMMA = YES;
				CLANG_WARN_CONSTANT_CONVERSION = YES;
				CLANG_WARN_DEPRECATED_OBJC_IMPLEMENTATIONS = YES;
				CLANG_WARN_DIRECT_OBJC_ISA_USAGE = YES_ERROR;
				CLANG_WARN_DOCUMENTATION_COMMENTS = YES;
				CLANG_WARN_EMPTY_BODY = YES;
				CLANG_WARN_ENUM_CONVERSION = YES;
				CLANG_WARN_INFINITE_RECURSION = YES;
				CLANG_WARN_INT_CONVERSION = YES;
				CLANG_WARN_NON_LITERAL_NULL_CONVERSION = YES;
				CLANG_WARN_OBJC_IMPLICIT_RETAIN_SELF = YES;
				CLANG_WARN_OBJC_LITERAL_CONVERSION = YES;
				CLANG_WARN_OBJC_ROOT_CLASS = YES_ERROR;
				CLANG_WARN_QUOTED_INCLUDE_IN_FRAMEWORK_HEADER = YES;
				CLANG_WARN_RANGE_LOOP_ANALYSIS = YES;
				CLANG_WARN_STRICT_PROTOTYPES = YES;
				CLANG_WARN_SUSPICIOUS_MOVE = YES;
				CLANG_WARN_UNGUARDED_AVAILABILITY = YES_AGGRESSIVE;
				CLANG_WARN_UNREACHABLE_CODE = YES;
				CLANG_WARN__DUPLICATE_METHOD_MATCH = YES;
				COPY_PHASE_STRIP = NO;
				DEBUG_INFORMATION_FORMAT = dwarf;
				ENABLE_STRICT_OBJC_MSGSEND = YES;
				ENABLE_TESTABILITY = YES;
				GCC_C_LANGUAGE_STANDARD = gnu11;
				GCC_DYNAMIC_NO_PIC = NO;
				GCC_NO_COMMON_BLOCKS = YES;
				GCC_OPTIMIZATION_LEVEL = 0;
				GCC_PREPROCESSOR_DEFINITIONS = (
					"DEBUG=1",
					"$(inherited)",
				);
				GCC_WARN_64_TO_32_BIT_CONVERSION = YES;
				GCC_WARN_ABOUT_RETURN_TYPE = YES_ERROR;
				GCC_WARN_UNDECLARED_SELECTOR = YES;
				GCC_WARN_UNINITIALIZED_AUTOS = YES_AGGRESSIVE;
				GCC_WARN_UNUSED_FUNCTION = YES;
				GCC_WARN_UNUSED_VARIABLE = YES;
				IPHONEOS_DEPLOYMENT_TARGET = 15.5;
				MTL_ENABLE_DEBUG_INFO = INCLUDE_SOURCE;
				MTL_FAST_MATH = YES;
				ONLY_ACTIVE_ARCH = YES;
				SDKROOT = iphoneos;
				SWIFT_ACTIVE_COMPILATION_CONDITIONS = DEBUG;
				SWIFT_OPTIMIZATION_LEVEL = "-Onone";
			};
			name = Debug;
		};
		7EEE818F298D41FD00A422BA /* Release */ = {
			isa = XCBuildConfiguration;
			buildSettings = {
				ALWAYS_SEARCH_USER_PATHS = NO;
				CLANG_ANALYZER_NONNULL = YES;
				CLANG_ANALYZER_NUMBER_OBJECT_CONVERSION = YES_AGGRESSIVE;
				CLANG_CXX_LANGUAGE_STANDARD = "gnu++17";
				CLANG_ENABLE_MODULES = YES;
				CLANG_ENABLE_OBJC_ARC = YES;
				CLANG_ENABLE_OBJC_WEAK = YES;
				CLANG_WARN_BLOCK_CAPTURE_AUTORELEASING = YES;
				CLANG_WARN_BOOL_CONVERSION = YES;
				CLANG_WARN_COMMA = YES;
				CLANG_WARN_CONSTANT_CONVERSION = YES;
				CLANG_WARN_DEPRECATED_OBJC_IMPLEMENTATIONS = YES;
				CLANG_WARN_DIRECT_OBJC_ISA_USAGE = YES_ERROR;
				CLANG_WARN_DOCUMENTATION_COMMENTS = YES;
				CLANG_WARN_EMPTY_BODY = YES;
				CLANG_WARN_ENUM_CONVERSION = YES;
				CLANG_WARN_INFINITE_RECURSION = YES;
				CLANG_WARN_INT_CONVERSION = YES;
				CLANG_WARN_NON_LITERAL_NULL_CONVERSION = YES;
				CLANG_WARN_OBJC_IMPLICIT_RETAIN_SELF = YES;
				CLANG_WARN_OBJC_LITERAL_CONVERSION = YES;
				CLANG_WARN_OBJC_ROOT_CLASS = YES_ERROR;
				CLANG_WARN_QUOTED_INCLUDE_IN_FRAMEWORK_HEADER = YES;
				CLANG_WARN_RANGE_LOOP_ANALYSIS = YES;
				CLANG_WARN_STRICT_PROTOTYPES = YES;
				CLANG_WARN_SUSPICIOUS_MOVE = YES;
				CLANG_WARN_UNGUARDED_AVAILABILITY = YES_AGGRESSIVE;
				CLANG_WARN_UNREACHABLE_CODE = YES;
				CLANG_WARN__DUPLICATE_METHOD_MATCH = YES;
				COPY_PHASE_STRIP = NO;
				DEBUG_INFORMATION_FORMAT = "dwarf-with-dsym";
				ENABLE_NS_ASSERTIONS = NO;
				ENABLE_STRICT_OBJC_MSGSEND = YES;
				GCC_C_LANGUAGE_STANDARD = gnu11;
				GCC_NO_COMMON_BLOCKS = YES;
				GCC_WARN_64_TO_32_BIT_CONVERSION = YES;
				GCC_WARN_ABOUT_RETURN_TYPE = YES_ERROR;
				GCC_WARN_UNDECLARED_SELECTOR = YES;
				GCC_WARN_UNINITIALIZED_AUTOS = YES_AGGRESSIVE;
				GCC_WARN_UNUSED_FUNCTION = YES;
				GCC_WARN_UNUSED_VARIABLE = YES;
				IPHONEOS_DEPLOYMENT_TARGET = 15.5;
				MTL_ENABLE_DEBUG_INFO = NO;
				MTL_FAST_MATH = YES;
				SDKROOT = iphoneos;
				SWIFT_COMPILATION_MODE = wholemodule;
				SWIFT_OPTIMIZATION_LEVEL = "-O";
				VALIDATE_PRODUCT = YES;
			};
			name = Release;
		};
		7EEE8191298D41FD00A422BA /* Debug */ = {
			isa = XCBuildConfiguration;
			buildSettings = {
				ASSETCATALOG_COMPILER_APPICON_NAME = AppIcon;
				ASSETCATALOG_COMPILER_GLOBAL_ACCENT_COLOR_NAME = AccentColor;
				CODE_SIGN_STYLE = Automatic;
				CURRENT_PROJECT_VERSION = 1;
				DEVELOPMENT_TEAM = 328QJG8DC6;
				GENERATE_INFOPLIST_FILE = YES;
				INFOPLIST_FILE = NewsList/Info.plist;
				INFOPLIST_KEY_UIApplicationSupportsIndirectInputEvents = YES;
				INFOPLIST_KEY_UILaunchStoryboardName = LaunchScreen;
				INFOPLIST_KEY_UISupportedInterfaceOrientations_iPad = "UIInterfaceOrientationPortrait UIInterfaceOrientationPortraitUpsideDown UIInterfaceOrientationLandscapeLeft UIInterfaceOrientationLandscapeRight";
				INFOPLIST_KEY_UISupportedInterfaceOrientations_iPhone = "UIInterfaceOrientationPortrait UIInterfaceOrientationLandscapeLeft UIInterfaceOrientationLandscapeRight";
				LD_RUNPATH_SEARCH_PATHS = (
					"$(inherited)",
					"@executable_path/Frameworks",
				);
				MARKETING_VERSION = 1.0;
				PRODUCT_BUNDLE_IDENTIFIER = danil.NewsList;
				PRODUCT_NAME = "$(TARGET_NAME)";
				SWIFT_EMIT_LOC_STRINGS = YES;
				SWIFT_VERSION = 5.0;
				TARGETED_DEVICE_FAMILY = "1,2";
			};
			name = Debug;
		};
		7EEE8192298D41FD00A422BA /* Release */ = {
			isa = XCBuildConfiguration;
			buildSettings = {
				ASSETCATALOG_COMPILER_APPICON_NAME = AppIcon;
				ASSETCATALOG_COMPILER_GLOBAL_ACCENT_COLOR_NAME = AccentColor;
				CODE_SIGN_STYLE = Automatic;
				CURRENT_PROJECT_VERSION = 1;
				DEVELOPMENT_TEAM = 328QJG8DC6;
				GENERATE_INFOPLIST_FILE = YES;
				INFOPLIST_FILE = NewsList/Info.plist;
				INFOPLIST_KEY_UIApplicationSupportsIndirectInputEvents = YES;
				INFOPLIST_KEY_UILaunchStoryboardName = LaunchScreen;
				INFOPLIST_KEY_UISupportedInterfaceOrientations_iPad = "UIInterfaceOrientationPortrait UIInterfaceOrientationPortraitUpsideDown UIInterfaceOrientationLandscapeLeft UIInterfaceOrientationLandscapeRight";
				INFOPLIST_KEY_UISupportedInterfaceOrientations_iPhone = "UIInterfaceOrientationPortrait UIInterfaceOrientationLandscapeLeft UIInterfaceOrientationLandscapeRight";
				LD_RUNPATH_SEARCH_PATHS = (
					"$(inherited)",
					"@executable_path/Frameworks",
				);
				MARKETING_VERSION = 1.0;
				PRODUCT_BUNDLE_IDENTIFIER = danil.NewsList;
				PRODUCT_NAME = "$(TARGET_NAME)";
				SWIFT_EMIT_LOC_STRINGS = YES;
				SWIFT_VERSION = 5.0;
				TARGETED_DEVICE_FAMILY = "1,2";
			};
			name = Release;
		};
/* End XCBuildConfiguration section */

/* Begin XCConfigurationList section */
		7EEE8177298D41FC00A422BA /* Build configuration list for PBXProject "NewsList" */ = {
			isa = XCConfigurationList;
			buildConfigurations = (
				7EEE818E298D41FD00A422BA /* Debug */,
				7EEE818F298D41FD00A422BA /* Release */,
			);
			defaultConfigurationIsVisible = 0;
			defaultConfigurationName = Release;
		};
		7EEE8190298D41FD00A422BA /* Build configuration list for PBXNativeTarget "NewsList" */ = {
			isa = XCConfigurationList;
			buildConfigurations = (
				7EEE8191298D41FD00A422BA /* Debug */,
				7EEE8192298D41FD00A422BA /* Release */,
			);
			defaultConfigurationIsVisible = 0;
			defaultConfigurationName = Release;
		};
/* End XCConfigurationList section */
	};
	rootObject = 7EEE8174298D41FC00A422BA /* Project object */;
}
